// !$*UTF8*$!
{
	archiveVersion = 1;
	classes = {
	};
	objectVersion = 51;
	objects = {

/* Begin PBXBuildFile section */
		3300475BAB574D5530764CC3 /* Pods_testTask.framework in Frameworks */ = {isa = PBXBuildFile; fileRef = F3122DC841BBAC0843675948 /* Pods_testTask.framework */; };
		F61EBF932455A06F00604EE3 /* InfoScreenModel.swift in Sources */ = {isa = PBXBuildFile; fileRef = F61EBF922455A06F00604EE3 /* InfoScreenModel.swift */; };
		F61EBF962455F0B800604EE3 /* UserDefaultsManager.swift in Sources */ = {isa = PBXBuildFile; fileRef = F61EBF952455F0B800604EE3 /* UserDefaultsManager.swift */; };
		F61EBF992456147A00604EE3 /* ShopViewController.swift in Sources */ = {isa = PBXBuildFile; fileRef = F61EBF982456147A00604EE3 /* ShopViewController.swift */; };
		F61EBF9B245616FB00604EE3 /* ShopCollectionViewCell.swift in Sources */ = {isa = PBXBuildFile; fileRef = F61EBF9A245616FB00604EE3 /* ShopCollectionViewCell.swift */; };
		F61EBF9D2456D1C800604EE3 /* ShopModel.swift in Sources */ = {isa = PBXBuildFile; fileRef = F61EBF9C2456D1C800604EE3 /* ShopModel.swift */; };
		F61EBF9F2457438700604EE3 /* ConvertNumberManager.swift in Sources */ = {isa = PBXBuildFile; fileRef = F61EBF9E2457438700604EE3 /* ConvertNumberManager.swift */; };
		F62FED3924557EEA00D4FE74 /* InfoViewController.swift in Sources */ = {isa = PBXBuildFile; fileRef = F62FED3824557EEA00D4FE74 /* InfoViewController.swift */; };
		F62FED3E2455877E00D4FE74 /* InfoCollectonViewCell.swift in Sources */ = {isa = PBXBuildFile; fileRef = F62FED3D2455877E00D4FE74 /* InfoCollectonViewCell.swift */; };
		F64BFA1824583A9E0052463C /* flowers_withoutNumbers.svg in Resources */ = {isa = PBXBuildFile; fileRef = F64BFA1724583A9D0052463C /* flowers_withoutNumbers.svg */; };
		F64BFA1A24583AAA0052463C /* birdWithNumbers1.svg in Resources */ = {isa = PBXBuildFile; fileRef = F64BFA1924583AAA0052463C /* birdWithNumbers1.svg */; };
		F64BFA1C24583ABA0052463C /* birdWithoutNumbers.svg in Resources */ = {isa = PBXBuildFile; fileRef = F64BFA1B24583ABA0052463C /* birdWithoutNumbers.svg */; };
		F64BFA1E24583AC80052463C /* flowers_withNumbers.svg in Resources */ = {isa = PBXBuildFile; fileRef = F64BFA1D24583AC80052463C /* flowers_withNumbers.svg */; };
		F64BFA23245853270052463C /* Extension+UICollectionView.swift in Sources */ = {isa = PBXBuildFile; fileRef = F64BFA22245853270052463C /* Extension+UICollectionView.swift */; };
		F64BFA26245853A50052463C /* ShadowButton.swift in Sources */ = {isa = PBXBuildFile; fileRef = F64BFA25245853A50052463C /* ShadowButton.swift */; };
		F64BFA28245853EF0052463C /* CollectionViewWithShadow.swift in Sources */ = {isa = PBXBuildFile; fileRef = F64BFA27245853EF0052463C /* CollectionViewWithShadow.swift */; };
		F64BFA2A245854170052463C /* ViewWithShadow.swift in Sources */ = {isa = PBXBuildFile; fileRef = F64BFA29245854170052463C /* ViewWithShadow.swift */; };
		F64BFA2D245854690052463C /* GoToShopButton.swift in Sources */ = {isa = PBXBuildFile; fileRef = F64BFA2C245854690052463C /* GoToShopButton.swift */; };
		F64BFA31245874B50052463C /* birdWithNumbers.svg in Resources */ = {isa = PBXBuildFile; fileRef = F64BFA30245874B50052463C /* birdWithNumbers.svg */; };
		F64BFA3F245878F00052463C /* firstDrawWithNumbers.svg in Resources */ = {isa = PBXBuildFile; fileRef = F64BFA3E245878F00052463C /* firstDrawWithNumbers.svg */; };
		F65E5D362450349000654583 /* AppDelegate.swift in Sources */ = {isa = PBXBuildFile; fileRef = F65E5D352450349000654583 /* AppDelegate.swift */; };
		F65E5D382450349000654583 /* SceneDelegate.swift in Sources */ = {isa = PBXBuildFile; fileRef = F65E5D372450349000654583 /* SceneDelegate.swift */; };
		F65E5D3A2450349000654583 /* ViewController.swift in Sources */ = {isa = PBXBuildFile; fileRef = F65E5D392450349000654583 /* ViewController.swift */; };
		F65E5D3D2450349000654583 /* Main.storyboard in Resources */ = {isa = PBXBuildFile; fileRef = F65E5D3B2450349000654583 /* Main.storyboard */; };
		F65E5D3F2450349200654583 /* Assets.xcassets in Resources */ = {isa = PBXBuildFile; fileRef = F65E5D3E2450349200654583 /* Assets.xcassets */; };
		F65E5D422450349200654583 /* LaunchScreen.storyboard in Resources */ = {isa = PBXBuildFile; fileRef = F65E5D402450349200654583 /* LaunchScreen.storyboard */; };
		F6BCC64124518D75005D496B /* MenuBarViewController.swift in Sources */ = {isa = PBXBuildFile; fileRef = F6BCC64024518D75005D496B /* MenuBarViewController.swift */; };
		F6BCC64524519828005D496B /* Extension+SegmentedControl.swift in Sources */ = {isa = PBXBuildFile; fileRef = F6BCC64424519828005D496B /* Extension+SegmentedControl.swift */; };
		F6CA95FB2451A2F20070C095 /* SettingsCollectionViewCell.swift in Sources */ = {isa = PBXBuildFile; fileRef = F6CA95FA2451A2F20070C095 /* SettingsCollectionViewCell.swift */; };
		F6CA95FD2451A5170070C095 /* SettingsItem.swift in Sources */ = {isa = PBXBuildFile; fileRef = F6CA95FC2451A5170070C095 /* SettingsItem.swift */; };
		F6CA95FF245217D80070C095 /* DrawViewController.swift in Sources */ = {isa = PBXBuildFile; fileRef = F6CA95FE245217D80070C095 /* DrawViewController.swift */; };
		F6D41B562450E89E00C33BAE /* MenuBar.swift in Sources */ = {isa = PBXBuildFile; fileRef = F6D41B552450E89E00C33BAE /* MenuBar.swift */; };
		F6D41B592450F2E300C33BAE /* MenuBarCollectionViewCell.swift in Sources */ = {isa = PBXBuildFile; fileRef = F6D41B582450F2E300C33BAE /* MenuBarCollectionViewCell.swift */; };
		F6D41B5B2450FA6600C33BAE /* SettingsViewController.swift in Sources */ = {isa = PBXBuildFile; fileRef = F6D41B5A2450FA6600C33BAE /* SettingsViewController.swift */; };
		F6D9AD9D2450399D00FF92C3 /* Queue.swift in Sources */ = {isa = PBXBuildFile; fileRef = F6D9AD9C2450399D00FF92C3 /* Queue.swift */; };
		F6D9AD9F2450929800FF92C3 /* CatalogTableViewCell.swift in Sources */ = {isa = PBXBuildFile; fileRef = F6D9AD9E2450929800FF92C3 /* CatalogTableViewCell.swift */; };
		F6DEEB3E245A138800823B94 /* 102-telephone-call-1.svg in Resources */ = {isa = PBXBuildFile; fileRef = F6DEEB25245A138000823B94 /* 102-telephone-call-1.svg */; };
		F6DEEB3F245A138800823B94 /* menuItem3Selected.svg in Resources */ = {isa = PBXBuildFile; fileRef = F6DEEB26245A138100823B94 /* menuItem3Selected.svg */; };
		F6DEEB40245A138800823B94 /* 083-paint-1.svg in Resources */ = {isa = PBXBuildFile; fileRef = F6DEEB27245A138100823B94 /* 083-paint-1.svg */; };
		F6DEEB41245A138800823B94 /* 091-plus-1.svg in Resources */ = {isa = PBXBuildFile; fileRef = F6DEEB28245A138100823B94 /* 091-plus-1.svg */; };
		F6DEEB42245A138800823B94 /* 072-flower-1.svg in Resources */ = {isa = PBXBuildFile; fileRef = F6DEEB29245A138100823B94 /* 072-flower-1.svg */; };
		F6DEEB43245A138800823B94 /* 073-bird-2.svg in Resources */ = {isa = PBXBuildFile; fileRef = F6DEEB2A245A138200823B94 /* 073-bird-2.svg */; };
		F6DEEB44245A138800823B94 /* 093-back-2.svg in Resources */ = {isa = PBXBuildFile; fileRef = F6DEEB2B245A138200823B94 /* 093-back-2.svg */; };
		F6DEEB45245A138800823B94 /* 013-more.svg in Resources */ = {isa = PBXBuildFile; fileRef = F6DEEB2C245A138300823B94 /* 013-more.svg */; };
		F6DEEB46245A138800823B94 /* 103-speaker-1.svg in Resources */ = {isa = PBXBuildFile; fileRef = F6DEEB2D245A138300823B94 /* 103-speaker-1.svg */; };
		F6DEEB47245A138800823B94 /* menuItem2.svg in Resources */ = {isa = PBXBuildFile; fileRef = F6DEEB2E245A138300823B94 /* menuItem2.svg */; };
		F6DEEB48245A138800823B94 /* 071-jaguar-1.svg in Resources */ = {isa = PBXBuildFile; fileRef = F6DEEB2F245A138400823B94 /* 071-jaguar-1.svg */; };
		F6DEEB49245A138800823B94 /* menuItem1Selected.svg in Resources */ = {isa = PBXBuildFile; fileRef = F6DEEB30245A138400823B94 /* menuItem1Selected.svg */; };
		F6DEEB4A245A138800823B94 /* 086-search-1.svg in Resources */ = {isa = PBXBuildFile; fileRef = F6DEEB31245A138400823B94 /* 086-search-1.svg */; };
		F6DEEB4B245A138800823B94 /* magic search.svg in Resources */ = {isa = PBXBuildFile; fileRef = F6DEEB32245A138500823B94 /* magic search.svg */; };
		F6DEEB4C245A138800823B94 /* menuItem2Selected.svg in Resources */ = {isa = PBXBuildFile; fileRef = F6DEEB33245A138500823B94 /* menuItem2Selected.svg */; };
		F6DEEB4D245A138800823B94 /* 012-back.svg in Resources */ = {isa = PBXBuildFile; fileRef = F6DEEB34245A138500823B94 /* 012-back.svg */; };
		F6DEEB4F245A138800823B94 /* 100-gear.svg in Resources */ = {isa = PBXBuildFile; fileRef = F6DEEB36245A138600823B94 /* 100-gear.svg */; };
		F6DEEB50245A138800823B94 /* Group 22.svg in Resources */ = {isa = PBXBuildFile; fileRef = F6DEEB37245A138600823B94 /* Group 22.svg */; };
		F6DEEB51245A138800823B94 /* menuItem3.svg in Resources */ = {isa = PBXBuildFile; fileRef = F6DEEB38245A138700823B94 /* menuItem3.svg */; };
		F6DEEB52245A138800823B94 /* 005-settings.svg in Resources */ = {isa = PBXBuildFile; fileRef = F6DEEB39245A138700823B94 /* 005-settings.svg */; };
		F6DEEB53245A138800823B94 /* 083-paint-12.svg in Resources */ = {isa = PBXBuildFile; fileRef = F6DEEB3A245A138700823B94 /* 083-paint-12.svg */; };
		F6DEEB54245A138800823B94 /* Group 21.svg in Resources */ = {isa = PBXBuildFile; fileRef = F6DEEB3B245A138700823B94 /* Group 21.svg */; };
		F6DEEB55245A138800823B94 /* 092-cancel-2.svg in Resources */ = {isa = PBXBuildFile; fileRef = F6DEEB3C245A138700823B94 /* 092-cancel-2.svg */; };
		F6DEEB5C245A151700823B94 /* menuItem1.svg in Resources */ = {isa = PBXBuildFile; fileRef = F6DEEB5B245A151700823B94 /* menuItem1.svg */; };
		F6DEEB63245A18C200823B94 /* 007-law.svg in Resources */ = {isa = PBXBuildFile; fileRef = F6DEEB5D245A18C100823B94 /* 007-law.svg */; };
		F6DEEB64245A18C200823B94 /* 009-rate-review.svg in Resources */ = {isa = PBXBuildFile; fileRef = F6DEEB5E245A18C100823B94 /* 009-rate-review.svg */; };
		F6DEEB65245A18C200823B94 /* 011-restore.svg in Resources */ = {isa = PBXBuildFile; fileRef = F6DEEB5F245A18C100823B94 /* 011-restore.svg */; };
		F6DEEB66245A18C200823B94 /* 006-support.svg in Resources */ = {isa = PBXBuildFile; fileRef = F6DEEB60245A18C200823B94 /* 006-support.svg */; };
		F6DEEB67245A18C200823B94 /* 010-tell-a-friend.svg in Resources */ = {isa = PBXBuildFile; fileRef = F6DEEB61245A18C200823B94 /* 010-tell-a-friend.svg */; };
		F6DEEB68245A18C200823B94 /* 097-padlock.svg in Resources */ = {isa = PBXBuildFile; fileRef = F6DEEB62245A18C200823B94 /* 097-padlock.svg */; };
		F6DEEB6A245A1DFA00823B94 /* magic_stick.svg in Resources */ = {isa = PBXBuildFile; fileRef = F6DEEB69245A1DF900823B94 /* magic_stick.svg */; };
		F6DEEB6C245A1E3500823B94 /* 021-magic-wand.svg in Resources */ = {isa = PBXBuildFile; fileRef = F6DEEB6B245A1E3500823B94 /* 021-magic-wand.svg */; };
		F6DEEB70245A1EEE00823B94 /* 022-magic-magnifier.svg in Resources */ = {isa = PBXBuildFile; fileRef = F6DEEB6F245A1EEE00823B94 /* 022-magic-magnifier.svg */; };
		F6DEEB72245A1F9900823B94 /* 020-zoom.svg in Resources */ = {isa = PBXBuildFile; fileRef = F6DEEB71245A1F9900823B94 /* 020-zoom.svg */; };
		F6DEEB74245A202800823B94 /* Group 23.svg in Resources */ = {isa = PBXBuildFile; fileRef = F6DEEB73245A202800823B94 /* Group 23.svg */; };
		F6DEEB78245A20BD00823B94 /* magic fill.svg in Resources */ = {isa = PBXBuildFile; fileRef = F6DEEB77245A20BD00823B94 /* magic fill.svg */; };
		F6DEEB7A245A212800823B94 /* Polygon.svg in Resources */ = {isa = PBXBuildFile; fileRef = F6DEEB79245A212800823B94 /* Polygon.svg */; };
		F6DEEB7C245A212E00823B94 /* facebook (1).svg in Resources */ = {isa = PBXBuildFile; fileRef = F6DEEB7B245A212E00823B94 /* facebook (1).svg */; };
		F6DEEB7E245A23D900823B94 /* 083-paint-plus.svg in Resources */ = {isa = PBXBuildFile; fileRef = F6DEEB7D245A23D900823B94 /* 083-paint-plus.svg */; };
		F6DEEB80245A245900823B94 /* 014-cancel.svg in Resources */ = {isa = PBXBuildFile; fileRef = F6DEEB7F245A245900823B94 /* 014-cancel.svg */; };
		F6DEEB83245A27C600823B94 /* Group 27.svg in Resources */ = {isa = PBXBuildFile; fileRef = F6DEEB81245A27C600823B94 /* Group 27.svg */; };
		F6DEEB84245A27C600823B94 /* Group 28.svg in Resources */ = {isa = PBXBuildFile; fileRef = F6DEEB82245A27C600823B94 /* Group 28.svg */; };
		F6DEEB88245A294F00823B94 /* startup1.svg in Resources */ = {isa = PBXBuildFile; fileRef = F6DEEB87245A294F00823B94 /* startup1.svg */; };
		F6E8AFA2245450900068D3B1 /* DrawAreaModel.swift in Sources */ = {isa = PBXBuildFile; fileRef = F6E8AFA1245450900068D3B1 /* DrawAreaModel.swift */; };
		F6E8AFA5245451260068D3B1 /* firstDraw.svg in Resources */ = {isa = PBXBuildFile; fileRef = F6E8AFA4245451260068D3B1 /* firstDraw.svg */; };
		F6E8AFA7245451590068D3B1 /* Data.swift in Sources */ = {isa = PBXBuildFile; fileRef = F6E8AFA6245451590068D3B1 /* Data.swift */; };
		F6E8AFAB245454D90068D3B1 /* CatalogCollectionViewCell.swift in Sources */ = {isa = PBXBuildFile; fileRef = F6E8AFAA245454D90068D3B1 /* CatalogCollectionViewCell.swift */; };
		F6E8AFB1245457E60068D3B1 /* firstDrawNoNumbers.svg in Resources */ = {isa = PBXBuildFile; fileRef = F6E8AFB0245457E60068D3B1 /* firstDrawNoNumbers.svg */; };
		F6F61F42245484240004190D /* ColorCollectionViewPickerCell.swift in Sources */ = {isa = PBXBuildFile; fileRef = F6F61F41245484240004190D /* ColorCollectionViewPickerCell.swift */; };
		F6F841492459F90E00E884BB /* SVGIconsManager.swift in Sources */ = {isa = PBXBuildFile; fileRef = F6F841482459F90E00E884BB /* SVGIconsManager.swift */; };
		F6F8414C2459FA4000E884BB /* menuItem0Selected.svg in Resources */ = {isa = PBXBuildFile; fileRef = F6F8414B2459FA3F00E884BB /* menuItem0Selected.svg */; };
		F6F8414E2459FA6C00E884BB /* menuItem0.svg in Resources */ = {isa = PBXBuildFile; fileRef = F6F8414D2459FA6C00E884BB /* menuItem0.svg */; };
/* End PBXBuildFile section */

/* Begin PBXFileReference section */
		DB428D83A880E27891F1E531 /* Pods-testTask.debug.xcconfig */ = {isa = PBXFileReference; includeInIndex = 1; lastKnownFileType = text.xcconfig; name = "Pods-testTask.debug.xcconfig"; path = "Target Support Files/Pods-testTask/Pods-testTask.debug.xcconfig"; sourceTree = "<group>"; };
		DC8C4779FF48410289D2FF43 /* Pods-testTask.release.xcconfig */ = {isa = PBXFileReference; includeInIndex = 1; lastKnownFileType = text.xcconfig; name = "Pods-testTask.release.xcconfig"; path = "Target Support Files/Pods-testTask/Pods-testTask.release.xcconfig"; sourceTree = "<group>"; };
		F3122DC841BBAC0843675948 /* Pods_testTask.framework */ = {isa = PBXFileReference; explicitFileType = wrapper.framework; includeInIndex = 0; path = Pods_testTask.framework; sourceTree = BUILT_PRODUCTS_DIR; };
		F61EBF922455A06F00604EE3 /* InfoScreenModel.swift */ = {isa = PBXFileReference; lastKnownFileType = sourcecode.swift; path = InfoScreenModel.swift; sourceTree = "<group>"; };
		F61EBF952455F0B800604EE3 /* UserDefaultsManager.swift */ = {isa = PBXFileReference; lastKnownFileType = sourcecode.swift; path = UserDefaultsManager.swift; sourceTree = "<group>"; };
		F61EBF982456147A00604EE3 /* ShopViewController.swift */ = {isa = PBXFileReference; lastKnownFileType = sourcecode.swift; path = ShopViewController.swift; sourceTree = "<group>"; };
		F61EBF9A245616FB00604EE3 /* ShopCollectionViewCell.swift */ = {isa = PBXFileReference; lastKnownFileType = sourcecode.swift; path = ShopCollectionViewCell.swift; sourceTree = "<group>"; };
		F61EBF9C2456D1C800604EE3 /* ShopModel.swift */ = {isa = PBXFileReference; lastKnownFileType = sourcecode.swift; path = ShopModel.swift; sourceTree = "<group>"; };
		F61EBF9E2457438700604EE3 /* ConvertNumberManager.swift */ = {isa = PBXFileReference; lastKnownFileType = sourcecode.swift; path = ConvertNumberManager.swift; sourceTree = "<group>"; };
		F62FED3824557EEA00D4FE74 /* InfoViewController.swift */ = {isa = PBXFileReference; lastKnownFileType = sourcecode.swift; path = InfoViewController.swift; sourceTree = "<group>"; };
		F62FED3D2455877E00D4FE74 /* InfoCollectonViewCell.swift */ = {isa = PBXFileReference; lastKnownFileType = sourcecode.swift; path = InfoCollectonViewCell.swift; sourceTree = "<group>"; };
		F64BFA1724583A9D0052463C /* flowers_withoutNumbers.svg */ = {isa = PBXFileReference; fileEncoding = 4; lastKnownFileType = text; path = flowers_withoutNumbers.svg; sourceTree = "<group>"; };
		F64BFA1924583AAA0052463C /* birdWithNumbers1.svg */ = {isa = PBXFileReference; fileEncoding = 4; lastKnownFileType = text; path = birdWithNumbers1.svg; sourceTree = "<group>"; };
		F64BFA1B24583ABA0052463C /* birdWithoutNumbers.svg */ = {isa = PBXFileReference; fileEncoding = 4; lastKnownFileType = text; path = birdWithoutNumbers.svg; sourceTree = "<group>"; };
		F64BFA1D24583AC80052463C /* flowers_withNumbers.svg */ = {isa = PBXFileReference; fileEncoding = 4; lastKnownFileType = text; path = flowers_withNumbers.svg; sourceTree = "<group>"; };
		F64BFA22245853270052463C /* Extension+UICollectionView.swift */ = {isa = PBXFileReference; lastKnownFileType = sourcecode.swift; path = "Extension+UICollectionView.swift"; sourceTree = "<group>"; };
		F64BFA25245853A50052463C /* ShadowButton.swift */ = {isa = PBXFileReference; lastKnownFileType = sourcecode.swift; path = ShadowButton.swift; sourceTree = "<group>"; };
		F64BFA27245853EF0052463C /* CollectionViewWithShadow.swift */ = {isa = PBXFileReference; lastKnownFileType = sourcecode.swift; path = CollectionViewWithShadow.swift; sourceTree = "<group>"; };
		F64BFA29245854170052463C /* ViewWithShadow.swift */ = {isa = PBXFileReference; lastKnownFileType = sourcecode.swift; path = ViewWithShadow.swift; sourceTree = "<group>"; };
		F64BFA2C245854690052463C /* GoToShopButton.swift */ = {isa = PBXFileReference; lastKnownFileType = sourcecode.swift; path = GoToShopButton.swift; sourceTree = "<group>"; };
		F64BFA30245874B50052463C /* birdWithNumbers.svg */ = {isa = PBXFileReference; fileEncoding = 4; lastKnownFileType = text; path = birdWithNumbers.svg; sourceTree = "<group>"; };
		F64BFA3E245878F00052463C /* firstDrawWithNumbers.svg */ = {isa = PBXFileReference; fileEncoding = 4; lastKnownFileType = text; path = firstDrawWithNumbers.svg; sourceTree = "<group>"; };
		F65E5D322450349000654583 /* testTask.app */ = {isa = PBXFileReference; explicitFileType = wrapper.application; includeInIndex = 0; path = testTask.app; sourceTree = BUILT_PRODUCTS_DIR; };
		F65E5D352450349000654583 /* AppDelegate.swift */ = {isa = PBXFileReference; lastKnownFileType = sourcecode.swift; path = AppDelegate.swift; sourceTree = "<group>"; };
		F65E5D372450349000654583 /* SceneDelegate.swift */ = {isa = PBXFileReference; lastKnownFileType = sourcecode.swift; path = SceneDelegate.swift; sourceTree = "<group>"; };
		F65E5D392450349000654583 /* ViewController.swift */ = {isa = PBXFileReference; lastKnownFileType = sourcecode.swift; path = ViewController.swift; sourceTree = "<group>"; };
		F65E5D3C2450349000654583 /* Base */ = {isa = PBXFileReference; lastKnownFileType = file.storyboard; name = Base; path = Base.lproj/Main.storyboard; sourceTree = "<group>"; };
		F65E5D3E2450349200654583 /* Assets.xcassets */ = {isa = PBXFileReference; lastKnownFileType = folder.assetcatalog; path = Assets.xcassets; sourceTree = "<group>"; };
		F65E5D412450349200654583 /* Base */ = {isa = PBXFileReference; lastKnownFileType = file.storyboard; name = Base; path = Base.lproj/LaunchScreen.storyboard; sourceTree = "<group>"; };
		F65E5D432450349200654583 /* Info.plist */ = {isa = PBXFileReference; lastKnownFileType = text.plist.xml; path = Info.plist; sourceTree = "<group>"; };
		F6BCC64024518D75005D496B /* MenuBarViewController.swift */ = {isa = PBXFileReference; lastKnownFileType = sourcecode.swift; path = MenuBarViewController.swift; sourceTree = "<group>"; };
		F6BCC64424519828005D496B /* Extension+SegmentedControl.swift */ = {isa = PBXFileReference; lastKnownFileType = sourcecode.swift; path = "Extension+SegmentedControl.swift"; sourceTree = "<group>"; };
		F6CA95FA2451A2F20070C095 /* SettingsCollectionViewCell.swift */ = {isa = PBXFileReference; lastKnownFileType = sourcecode.swift; path = SettingsCollectionViewCell.swift; sourceTree = "<group>"; };
		F6CA95FC2451A5170070C095 /* SettingsItem.swift */ = {isa = PBXFileReference; lastKnownFileType = sourcecode.swift; path = SettingsItem.swift; sourceTree = "<group>"; };
		F6CA95FE245217D80070C095 /* DrawViewController.swift */ = {isa = PBXFileReference; lastKnownFileType = sourcecode.swift; path = DrawViewController.swift; sourceTree = "<group>"; };
		F6D41B552450E89E00C33BAE /* MenuBar.swift */ = {isa = PBXFileReference; lastKnownFileType = sourcecode.swift; path = MenuBar.swift; sourceTree = "<group>"; };
		F6D41B582450F2E300C33BAE /* MenuBarCollectionViewCell.swift */ = {isa = PBXFileReference; lastKnownFileType = sourcecode.swift; path = MenuBarCollectionViewCell.swift; sourceTree = "<group>"; };
		F6D41B5A2450FA6600C33BAE /* SettingsViewController.swift */ = {isa = PBXFileReference; lastKnownFileType = sourcecode.swift; path = SettingsViewController.swift; sourceTree = "<group>"; };
		F6D9AD9C2450399D00FF92C3 /* Queue.swift */ = {isa = PBXFileReference; lastKnownFileType = sourcecode.swift; path = Queue.swift; sourceTree = "<group>"; };
		F6D9AD9E2450929800FF92C3 /* CatalogTableViewCell.swift */ = {isa = PBXFileReference; lastKnownFileType = sourcecode.swift; path = CatalogTableViewCell.swift; sourceTree = "<group>"; };
		F6DEEB25245A138000823B94 /* 102-telephone-call-1.svg */ = {isa = PBXFileReference; fileEncoding = 4; lastKnownFileType = text; path = "102-telephone-call-1.svg"; sourceTree = "<group>"; };
		F6DEEB26245A138100823B94 /* menuItem3Selected.svg */ = {isa = PBXFileReference; fileEncoding = 4; lastKnownFileType = text; path = menuItem3Selected.svg; sourceTree = "<group>"; };
		F6DEEB27245A138100823B94 /* 083-paint-1.svg */ = {isa = PBXFileReference; fileEncoding = 4; lastKnownFileType = text; path = "083-paint-1.svg"; sourceTree = "<group>"; };
		F6DEEB28245A138100823B94 /* 091-plus-1.svg */ = {isa = PBXFileReference; fileEncoding = 4; lastKnownFileType = text; path = "091-plus-1.svg"; sourceTree = "<group>"; };
		F6DEEB29245A138100823B94 /* 072-flower-1.svg */ = {isa = PBXFileReference; fileEncoding = 4; lastKnownFileType = text; name = "072-flower-1.svg"; path = "../../../../Новая папка/icons/072-flower-1.svg"; sourceTree = "<group>"; };
		F6DEEB2A245A138200823B94 /* 073-bird-2.svg */ = {isa = PBXFileReference; fileEncoding = 4; lastKnownFileType = text; path = "073-bird-2.svg"; sourceTree = "<group>"; };
		F6DEEB2B245A138200823B94 /* 093-back-2.svg */ = {isa = PBXFileReference; fileEncoding = 4; lastKnownFileType = text; path = "093-back-2.svg"; sourceTree = "<group>"; };
		F6DEEB2C245A138300823B94 /* 013-more.svg */ = {isa = PBXFileReference; fileEncoding = 4; lastKnownFileType = text; path = "013-more.svg"; sourceTree = "<group>"; };
		F6DEEB2D245A138300823B94 /* 103-speaker-1.svg */ = {isa = PBXFileReference; fileEncoding = 4; lastKnownFileType = text; path = "103-speaker-1.svg"; sourceTree = "<group>"; };
		F6DEEB2E245A138300823B94 /* menuItem2.svg */ = {isa = PBXFileReference; fileEncoding = 4; lastKnownFileType = text; path = menuItem2.svg; sourceTree = "<group>"; };
		F6DEEB2F245A138400823B94 /* 071-jaguar-1.svg */ = {isa = PBXFileReference; fileEncoding = 4; lastKnownFileType = text; path = "071-jaguar-1.svg"; sourceTree = "<group>"; };
		F6DEEB30245A138400823B94 /* menuItem1Selected.svg */ = {isa = PBXFileReference; fileEncoding = 4; lastKnownFileType = text; path = menuItem1Selected.svg; sourceTree = "<group>"; };
		F6DEEB31245A138400823B94 /* 086-search-1.svg */ = {isa = PBXFileReference; fileEncoding = 4; lastKnownFileType = text; path = "086-search-1.svg"; sourceTree = "<group>"; };
		F6DEEB32245A138500823B94 /* magic search.svg */ = {isa = PBXFileReference; fileEncoding = 4; lastKnownFileType = text; path = "magic search.svg"; sourceTree = "<group>"; };
		F6DEEB33245A138500823B94 /* menuItem2Selected.svg */ = {isa = PBXFileReference; fileEncoding = 4; lastKnownFileType = text; path = menuItem2Selected.svg; sourceTree = "<group>"; };
		F6DEEB34245A138500823B94 /* 012-back.svg */ = {isa = PBXFileReference; fileEncoding = 4; lastKnownFileType = text; path = "012-back.svg"; sourceTree = "<group>"; };
		F6DEEB36245A138600823B94 /* 100-gear.svg */ = {isa = PBXFileReference; fileEncoding = 4; lastKnownFileType = text; path = "100-gear.svg"; sourceTree = "<group>"; };
		F6DEEB37245A138600823B94 /* Group 22.svg */ = {isa = PBXFileReference; fileEncoding = 4; lastKnownFileType = text; path = "Group 22.svg"; sourceTree = "<group>"; };
		F6DEEB38245A138700823B94 /* menuItem3.svg */ = {isa = PBXFileReference; fileEncoding = 4; lastKnownFileType = text; path = menuItem3.svg; sourceTree = "<group>"; };
		F6DEEB39245A138700823B94 /* 005-settings.svg */ = {isa = PBXFileReference; fileEncoding = 4; lastKnownFileType = text; path = "005-settings.svg"; sourceTree = "<group>"; };
		F6DEEB3A245A138700823B94 /* 083-paint-12.svg */ = {isa = PBXFileReference; fileEncoding = 4; lastKnownFileType = text; path = "083-paint-12.svg"; sourceTree = "<group>"; };
		F6DEEB3B245A138700823B94 /* Group 21.svg */ = {isa = PBXFileReference; fileEncoding = 4; lastKnownFileType = text; path = "Group 21.svg"; sourceTree = "<group>"; };
		F6DEEB3C245A138700823B94 /* 092-cancel-2.svg */ = {isa = PBXFileReference; fileEncoding = 4; lastKnownFileType = text; path = "092-cancel-2.svg"; sourceTree = "<group>"; };
		F6DEEB5B245A151700823B94 /* menuItem1.svg */ = {isa = PBXFileReference; fileEncoding = 4; lastKnownFileType = text; path = menuItem1.svg; sourceTree = "<group>"; };
		F6DEEB5D245A18C100823B94 /* 007-law.svg */ = {isa = PBXFileReference; fileEncoding = 4; lastKnownFileType = text; path = "007-law.svg"; sourceTree = "<group>"; };
		F6DEEB5E245A18C100823B94 /* 009-rate-review.svg */ = {isa = PBXFileReference; fileEncoding = 4; lastKnownFileType = text; path = "009-rate-review.svg"; sourceTree = "<group>"; };
		F6DEEB5F245A18C100823B94 /* 011-restore.svg */ = {isa = PBXFileReference; fileEncoding = 4; lastKnownFileType = text; path = "011-restore.svg"; sourceTree = "<group>"; };
		F6DEEB60245A18C200823B94 /* 006-support.svg */ = {isa = PBXFileReference; fileEncoding = 4; lastKnownFileType = text; path = "006-support.svg"; sourceTree = "<group>"; };
		F6DEEB61245A18C200823B94 /* 010-tell-a-friend.svg */ = {isa = PBXFileReference; fileEncoding = 4; lastKnownFileType = text; path = "010-tell-a-friend.svg"; sourceTree = "<group>"; };
		F6DEEB62245A18C200823B94 /* 097-padlock.svg */ = {isa = PBXFileReference; fileEncoding = 4; lastKnownFileType = text; path = "097-padlock.svg"; sourceTree = "<group>"; };
		F6DEEB69245A1DF900823B94 /* magic_stick.svg */ = {isa = PBXFileReference; fileEncoding = 4; lastKnownFileType = text; path = magic_stick.svg; sourceTree = "<group>"; };
		F6DEEB6B245A1E3500823B94 /* 021-magic-wand.svg */ = {isa = PBXFileReference; fileEncoding = 4; lastKnownFileType = text; path = "021-magic-wand.svg"; sourceTree = "<group>"; };
		F6DEEB6F245A1EEE00823B94 /* 022-magic-magnifier.svg */ = {isa = PBXFileReference; fileEncoding = 4; lastKnownFileType = text; path = "022-magic-magnifier.svg"; sourceTree = "<group>"; };
		F6DEEB71245A1F9900823B94 /* 020-zoom.svg */ = {isa = PBXFileReference; fileEncoding = 4; lastKnownFileType = text; path = "020-zoom.svg"; sourceTree = "<group>"; };
		F6DEEB73245A202800823B94 /* Group 23.svg */ = {isa = PBXFileReference; fileEncoding = 4; lastKnownFileType = text; path = "Group 23.svg"; sourceTree = "<group>"; };
		F6DEEB77245A20BD00823B94 /* magic fill.svg */ = {isa = PBXFileReference; fileEncoding = 4; lastKnownFileType = text; path = "magic fill.svg"; sourceTree = "<group>"; };
		F6DEEB79245A212800823B94 /* Polygon.svg */ = {isa = PBXFileReference; fileEncoding = 4; lastKnownFileType = text; path = Polygon.svg; sourceTree = "<group>"; };
		F6DEEB7B245A212E00823B94 /* facebook (1).svg */ = {isa = PBXFileReference; fileEncoding = 4; lastKnownFileType = text; path = "facebook (1).svg"; sourceTree = "<group>"; };
		F6DEEB7D245A23D900823B94 /* 083-paint-plus.svg */ = {isa = PBXFileReference; fileEncoding = 4; lastKnownFileType = text; path = "083-paint-plus.svg"; sourceTree = "<group>"; };
		F6DEEB7F245A245900823B94 /* 014-cancel.svg */ = {isa = PBXFileReference; fileEncoding = 4; lastKnownFileType = text; path = "014-cancel.svg"; sourceTree = "<group>"; };
		F6DEEB81245A27C600823B94 /* Group 27.svg */ = {isa = PBXFileReference; fileEncoding = 4; lastKnownFileType = text; path = "Group 27.svg"; sourceTree = "<group>"; };
		F6DEEB82245A27C600823B94 /* Group 28.svg */ = {isa = PBXFileReference; fileEncoding = 4; lastKnownFileType = text; path = "Group 28.svg"; sourceTree = "<group>"; };
		F6DEEB87245A294F00823B94 /* startup1.svg */ = {isa = PBXFileReference; fileEncoding = 4; lastKnownFileType = text; path = startup1.svg; sourceTree = "<group>"; };
		F6E8AFA1245450900068D3B1 /* DrawAreaModel.swift */ = {isa = PBXFileReference; lastKnownFileType = sourcecode.swift; path = DrawAreaModel.swift; sourceTree = "<group>"; };
		F6E8AFA4245451260068D3B1 /* firstDraw.svg */ = {isa = PBXFileReference; fileEncoding = 4; lastKnownFileType = text; path = firstDraw.svg; sourceTree = "<group>"; };
		F6E8AFA6245451590068D3B1 /* Data.swift */ = {isa = PBXFileReference; lastKnownFileType = sourcecode.swift; path = Data.swift; sourceTree = "<group>"; };
		F6E8AFAA245454D90068D3B1 /* CatalogCollectionViewCell.swift */ = {isa = PBXFileReference; lastKnownFileType = sourcecode.swift; path = CatalogCollectionViewCell.swift; sourceTree = "<group>"; };
		F6E8AFB0245457E60068D3B1 /* firstDrawNoNumbers.svg */ = {isa = PBXFileReference; fileEncoding = 4; lastKnownFileType = text; path = firstDrawNoNumbers.svg; sourceTree = "<group>"; };
		F6F61F41245484240004190D /* ColorCollectionViewPickerCell.swift */ = {isa = PBXFileReference; lastKnownFileType = sourcecode.swift; path = ColorCollectionViewPickerCell.swift; sourceTree = "<group>"; };
		F6F841482459F90E00E884BB /* SVGIconsManager.swift */ = {isa = PBXFileReference; lastKnownFileType = sourcecode.swift; path = SVGIconsManager.swift; sourceTree = "<group>"; };
		F6F8414B2459FA3F00E884BB /* menuItem0Selected.svg */ = {isa = PBXFileReference; fileEncoding = 4; lastKnownFileType = text; path = menuItem0Selected.svg; sourceTree = "<group>"; };
		F6F8414D2459FA6C00E884BB /* menuItem0.svg */ = {isa = PBXFileReference; fileEncoding = 4; lastKnownFileType = text; path = menuItem0.svg; sourceTree = "<group>"; };
/* End PBXFileReference section */

/* Begin PBXFrameworksBuildPhase section */
		F65E5D2F2450349000654583 /* Frameworks */ = {
			isa = PBXFrameworksBuildPhase;
			buildActionMask = 2147483647;
			files = (
				3300475BAB574D5530764CC3 /* Pods_testTask.framework in Frameworks */,
			);
			runOnlyForDeploymentPostprocessing = 0;
		};
/* End PBXFrameworksBuildPhase section */

/* Begin PBXGroup section */
		54A4A721F47A2B3961F55979 /* Pods */ = {
			isa = PBXGroup;
			children = (
				DB428D83A880E27891F1E531 /* Pods-testTask.debug.xcconfig */,
				DC8C4779FF48410289D2FF43 /* Pods-testTask.release.xcconfig */,
			);
			path = Pods;
			sourceTree = "<group>";
		};
		E1DFAFD30557FEDEDE5B318E /* Frameworks */ = {
			isa = PBXGroup;
			children = (
				F3122DC841BBAC0843675948 /* Pods_testTask.framework */,
			);
			name = Frameworks;
			sourceTree = "<group>";
		};
		F61EBF942455F09F00604EE3 /* UserDefaultsManager */ = {
			isa = PBXGroup;
			children = (
				F61EBF952455F0B800604EE3 /* UserDefaultsManager.swift */,
			);
			path = UserDefaultsManager;
			sourceTree = "<group>";
		};
		F61EBF972456145A00604EE3 /* ShopScreen */ = {
			isa = PBXGroup;
			children = (
				F61EBF982456147A00604EE3 /* ShopViewController.swift */,
				F61EBF9A245616FB00604EE3 /* ShopCollectionViewCell.swift */,
				F61EBF9C2456D1C800604EE3 /* ShopModel.swift */,
			);
			path = ShopScreen;
			sourceTree = "<group>";
		};
		F62FED3A2455870E00D4FE74 /* InfoScreen */ = {
			isa = PBXGroup;
			children = (
				F62FED3824557EEA00D4FE74 /* InfoViewController.swift */,
				F62FED3D2455877E00D4FE74 /* InfoCollectonViewCell.swift */,
				F61EBF922455A06F00604EE3 /* InfoScreenModel.swift */,
			);
			path = InfoScreen;
			sourceTree = "<group>";
		};
		F64BFA1F24584C210052463C /* Helpers */ = {
			isa = PBXGroup;
			children = (
				F61EBF9E2457438700604EE3 /* ConvertNumberManager.swift */,
				F6F841482459F90E00E884BB /* SVGIconsManager.swift */,
			);
			path = Helpers;
			sourceTree = "<group>";
		};
		F64BFA242458538F0052463C /* ElementsWithShadow */ = {
			isa = PBXGroup;
			children = (
				F64BFA25245853A50052463C /* ShadowButton.swift */,
				F64BFA27245853EF0052463C /* CollectionViewWithShadow.swift */,
				F64BFA29245854170052463C /* ViewWithShadow.swift */,
			);
			path = ElementsWithShadow;
			sourceTree = "<group>";
		};
		F64BFA2B245854490052463C /* GoToShopButton */ = {
			isa = PBXGroup;
			children = (
				F64BFA2C245854690052463C /* GoToShopButton.swift */,
			);
			path = GoToShopButton;
			sourceTree = "<group>";
		};
		F65E5D292450349000654583 = {
			isa = PBXGroup;
			children = (
				F65E5D342450349000654583 /* testTask */,
				F65E5D332450349000654583 /* Products */,
				54A4A721F47A2B3961F55979 /* Pods */,
				E1DFAFD30557FEDEDE5B318E /* Frameworks */,
			);
			sourceTree = "<group>";
		};
		F65E5D332450349000654583 /* Products */ = {
			isa = PBXGroup;
			children = (
				F65E5D322450349000654583 /* testTask.app */,
			);
			name = Products;
			sourceTree = "<group>";
		};
		F65E5D342450349000654583 /* testTask */ = {
			isa = PBXGroup;
			children = (
				F64BFA242458538F0052463C /* ElementsWithShadow */,
				F64BFA1F24584C210052463C /* Helpers */,
				F61EBF942455F09F00604EE3 /* UserDefaultsManager */,
				F6E8AFA3245451030068D3B1 /* Resources */,
				F6BCC64324519816005D496B /* Extension */,
				F61EBF972456145A00604EE3 /* ShopScreen */,
				F6BCC642245194B4005D496B /* SettingsScreen */,
				F6D41B572450F2CF00C33BAE /* MenuBar */,
				F6D41B542450E87E00C33BAE /* firstScreen */,
				F62FED3A2455870E00D4FE74 /* InfoScreen */,
				F6E8AFA0245450730068D3B1 /* DrawScreen */,
				F65E5D352450349000654583 /* AppDelegate.swift */,
				F65E5D372450349000654583 /* SceneDelegate.swift */,
				F65E5D3B2450349000654583 /* Main.storyboard */,
				F65E5D3E2450349200654583 /* Assets.xcassets */,
				F65E5D402450349200654583 /* LaunchScreen.storyboard */,
				F65E5D432450349200654583 /* Info.plist */,
				F6D9AD9C2450399D00FF92C3 /* Queue.swift */,
			);
			path = testTask;
			sourceTree = "<group>";
		};
		F6BCC642245194B4005D496B /* SettingsScreen */ = {
			isa = PBXGroup;
			children = (
				F6D41B5A2450FA6600C33BAE /* SettingsViewController.swift */,
				F6CA95FA2451A2F20070C095 /* SettingsCollectionViewCell.swift */,
				F6CA95FC2451A5170070C095 /* SettingsItem.swift */,
			);
			path = SettingsScreen;
			sourceTree = "<group>";
		};
		F6BCC64324519816005D496B /* Extension */ = {
			isa = PBXGroup;
			children = (
				F6BCC64424519828005D496B /* Extension+SegmentedControl.swift */,
				F64BFA22245853270052463C /* Extension+UICollectionView.swift */,
			);
			path = Extension;
			sourceTree = "<group>";
		};
		F6D41B542450E87E00C33BAE /* firstScreen */ = {
			isa = PBXGroup;
			children = (
				F65E5D392450349000654583 /* ViewController.swift */,
				F6D9AD9E2450929800FF92C3 /* CatalogTableViewCell.swift */,
				F6E8AFAA245454D90068D3B1 /* CatalogCollectionViewCell.swift */,
			);
			path = firstScreen;
			sourceTree = "<group>";
		};
		F6D41B572450F2CF00C33BAE /* MenuBar */ = {
			isa = PBXGroup;
			children = (
				F6D41B552450E89E00C33BAE /* MenuBar.swift */,
				F6D41B582450F2E300C33BAE /* MenuBarCollectionViewCell.swift */,
				F6BCC64024518D75005D496B /* MenuBarViewController.swift */,
			);
			path = MenuBar;
			sourceTree = "<group>";
		};
		F6E8AFA0245450730068D3B1 /* DrawScreen */ = {
			isa = PBXGroup;
			children = (
				F64BFA2B245854490052463C /* GoToShopButton */,
				F6CA95FE245217D80070C095 /* DrawViewController.swift */,
				F6E8AFA1245450900068D3B1 /* DrawAreaModel.swift */,
				F6F61F41245484240004190D /* ColorCollectionViewPickerCell.swift */,
			);
			path = DrawScreen;
			sourceTree = "<group>";
		};
		F6E8AFA3245451030068D3B1 /* Resources */ = {
			isa = PBXGroup;
			children = (
				F6F8414A2459F9FB00E884BB /* Icons */,
				F6E8AFA4245451260068D3B1 /* firstDraw.svg */,
				F6E8AFB0245457E60068D3B1 /* firstDrawNoNumbers.svg */,
				F64BFA3E245878F00052463C /* firstDrawWithNumbers.svg */,
				F64BFA1924583AAA0052463C /* birdWithNumbers1.svg */,
				F64BFA30245874B50052463C /* birdWithNumbers.svg */,
				F64BFA1B24583ABA0052463C /* birdWithoutNumbers.svg */,
				F64BFA1D24583AC80052463C /* flowers_withNumbers.svg */,
				F64BFA1724583A9D0052463C /* flowers_withoutNumbers.svg */,
				F6E8AFA6245451590068D3B1 /* Data.swift */,
			);
			path = Resources;
			sourceTree = "<group>";
		};
		F6F8414A2459F9FB00E884BB /* Icons */ = {
			isa = PBXGroup;
			children = (
				F6DEEB7B245A212E00823B94 /* facebook (1).svg */,
				F6DEEB79245A212800823B94 /* Polygon.svg */,
				F6DEEB60245A18C200823B94 /* 006-support.svg */,
				F6DEEB87245A294F00823B94 /* startup1.svg */,
				F6DEEB5D245A18C100823B94 /* 007-law.svg */,
				F6DEEB5E245A18C100823B94 /* 009-rate-review.svg */,
				F6DEEB61245A18C200823B94 /* 010-tell-a-friend.svg */,
				F6DEEB5F245A18C100823B94 /* 011-restore.svg */,
				F6DEEB62245A18C200823B94 /* 097-padlock.svg */,
				F6DEEB30245A138400823B94 /* menuItem1Selected.svg */,
				F6DEEB81245A27C600823B94 /* Group 27.svg */,
				F6DEEB82245A27C600823B94 /* Group 28.svg */,
				F6DEEB33245A138500823B94 /* menuItem2Selected.svg */,
				F6DEEB7D245A23D900823B94 /* 083-paint-plus.svg */,
				F6DEEB77245A20BD00823B94 /* magic fill.svg */,
				F6DEEB2F245A138400823B94 /* 071-jaguar-1.svg */,
				F6DEEB39245A138700823B94 /* 005-settings.svg */,
				F6DEEB34245A138500823B94 /* 012-back.svg */,
				F6DEEB2C245A138300823B94 /* 013-more.svg */,
				F6DEEB26245A138100823B94 /* menuItem3Selected.svg */,
				F6DEEB6F245A1EEE00823B94 /* 022-magic-magnifier.svg */,
				F6DEEB29245A138100823B94 /* 072-flower-1.svg */,
				F6DEEB2A245A138200823B94 /* 073-bird-2.svg */,
				F6DEEB5B245A151700823B94 /* menuItem1.svg */,
				F6DEEB69245A1DF900823B94 /* magic_stick.svg */,
				F6DEEB27245A138100823B94 /* 083-paint-1.svg */,
				F6DEEB3A245A138700823B94 /* 083-paint-12.svg */,
				F6DEEB31245A138400823B94 /* 086-search-1.svg */,
				F6DEEB6B245A1E3500823B94 /* 021-magic-wand.svg */,
				F6DEEB71245A1F9900823B94 /* 020-zoom.svg */,
				F6DEEB2E245A138300823B94 /* menuItem2.svg */,
				F6DEEB38245A138700823B94 /* menuItem3.svg */,
				F6DEEB28245A138100823B94 /* 091-plus-1.svg */,
				F6DEEB7F245A245900823B94 /* 014-cancel.svg */,
				F6DEEB3C245A138700823B94 /* 092-cancel-2.svg */,
				F6DEEB2B245A138200823B94 /* 093-back-2.svg */,
				F6DEEB36245A138600823B94 /* 100-gear.svg */,
				F6DEEB25245A138000823B94 /* 102-telephone-call-1.svg */,
				F6DEEB2D245A138300823B94 /* 103-speaker-1.svg */,
				F6DEEB3B245A138700823B94 /* Group 21.svg */,
				F6DEEB37245A138600823B94 /* Group 22.svg */,
				F6DEEB32245A138500823B94 /* magic search.svg */,
				F6DEEB73245A202800823B94 /* Group 23.svg */,
				F6F8414D2459FA6C00E884BB /* menuItem0.svg */,
				F6F8414B2459FA3F00E884BB /* menuItem0Selected.svg */,
			);
			path = Icons;
			sourceTree = "<group>";
		};
/* End PBXGroup section */

/* Begin PBXNativeTarget section */
		F65E5D312450349000654583 /* testTask */ = {
			isa = PBXNativeTarget;
			buildConfigurationList = F65E5D462450349200654583 /* Build configuration list for PBXNativeTarget "testTask" */;
			buildPhases = (
				3E7B4821E8039946DD8C7F82 /* [CP] Check Pods Manifest.lock */,
				F65E5D2E2450349000654583 /* Sources */,
				F65E5D2F2450349000654583 /* Frameworks */,
				F65E5D302450349000654583 /* Resources */,
				811713231CECBFC352868A01 /* [CP] Embed Pods Frameworks */,
			);
			buildRules = (
			);
			dependencies = (
			);
			name = testTask;
			productName = testTask;
			productReference = F65E5D322450349000654583 /* testTask.app */;
			productType = "com.apple.product-type.application";
		};
/* End PBXNativeTarget section */

/* Begin PBXProject section */
		F65E5D2A2450349000654583 /* Project object */ = {
			isa = PBXProject;
			attributes = {
				LastSwiftUpdateCheck = 1130;
				LastUpgradeCheck = 1130;
				ORGANIZATIONNAME = "Роман Важник";
				TargetAttributes = {
					F65E5D312450349000654583 = {
						CreatedOnToolsVersion = 11.3.1;
					};
				};
			};
			buildConfigurationList = F65E5D2D2450349000654583 /* Build configuration list for PBXProject "testTask" */;
			compatibilityVersion = "Xcode 9.3";
			developmentRegion = en;
			hasScannedForEncodings = 0;
			knownRegions = (
				en,
				Base,
			);
			mainGroup = F65E5D292450349000654583;
			productRefGroup = F65E5D332450349000654583 /* Products */;
			projectDirPath = "";
			projectRoot = "";
			targets = (
				F65E5D312450349000654583 /* testTask */,
			);
		};
/* End PBXProject section */

/* Begin PBXResourcesBuildPhase section */
		F65E5D302450349000654583 /* Resources */ = {
			isa = PBXResourcesBuildPhase;
			buildActionMask = 2147483647;
			files = (
				F6DEEB68245A18C200823B94 /* 097-padlock.svg in Resources */,
				F6DEEB72245A1F9900823B94 /* 020-zoom.svg in Resources */,
				F6DEEB54245A138800823B94 /* Group 21.svg in Resources */,
				F6F8414C2459FA4000E884BB /* menuItem0Selected.svg in Resources */,
				F6DEEB67245A18C200823B94 /* 010-tell-a-friend.svg in Resources */,
				F6DEEB64245A18C200823B94 /* 009-rate-review.svg in Resources */,
				F6DEEB44245A138800823B94 /* 093-back-2.svg in Resources */,
				F6E8AFA5245451260068D3B1 /* firstDraw.svg in Resources */,
				F6DEEB65245A18C200823B94 /* 011-restore.svg in Resources */,
				F6DEEB4D245A138800823B94 /* 012-back.svg in Resources */,
				F64BFA1A24583AAA0052463C /* birdWithNumbers1.svg in Resources */,
				F6DEEB5C245A151700823B94 /* menuItem1.svg in Resources */,
				F6DEEB51245A138800823B94 /* menuItem3.svg in Resources */,
				F6DEEB41245A138800823B94 /* 091-plus-1.svg in Resources */,
				F6DEEB4F245A138800823B94 /* 100-gear.svg in Resources */,
				F65E5D422450349200654583 /* LaunchScreen.storyboard in Resources */,
				F6DEEB3E245A138800823B94 /* 102-telephone-call-1.svg in Resources */,
				F6DEEB66245A18C200823B94 /* 006-support.svg in Resources */,
				F6DEEB84245A27C600823B94 /* Group 28.svg in Resources */,
				F6DEEB49245A138800823B94 /* menuItem1Selected.svg in Resources */,
				F6DEEB7A245A212800823B94 /* Polygon.svg in Resources */,
				F6DEEB45245A138800823B94 /* 013-more.svg in Resources */,
				F6DEEB88245A294F00823B94 /* startup1.svg in Resources */,
				F6DEEB47245A138800823B94 /* menuItem2.svg in Resources */,
				F6F8414E2459FA6C00E884BB /* menuItem0.svg in Resources */,
				F6DEEB4A245A138800823B94 /* 086-search-1.svg in Resources */,
				F6DEEB6A245A1DFA00823B94 /* magic_stick.svg in Resources */,
				F6DEEB4B245A138800823B94 /* magic search.svg in Resources */,
				F65E5D3F2450349200654583 /* Assets.xcassets in Resources */,
				F64BFA3F245878F00052463C /* firstDrawWithNumbers.svg in Resources */,
				F6DEEB70245A1EEE00823B94 /* 022-magic-magnifier.svg in Resources */,
				F6DEEB40245A138800823B94 /* 083-paint-1.svg in Resources */,
				F64BFA31245874B50052463C /* birdWithNumbers.svg in Resources */,
				F6DEEB3F245A138800823B94 /* menuItem3Selected.svg in Resources */,
				F6E8AFB1245457E60068D3B1 /* firstDrawNoNumbers.svg in Resources */,
				F64BFA1C24583ABA0052463C /* birdWithoutNumbers.svg in Resources */,
				F6DEEB78245A20BD00823B94 /* magic fill.svg in Resources */,
				F6DEEB42245A138800823B94 /* 072-flower-1.svg in Resources */,
				F6DEEB53245A138800823B94 /* 083-paint-12.svg in Resources */,
				F6DEEB7C245A212E00823B94 /* facebook (1).svg in Resources */,
				F6DEEB4C245A138800823B94 /* menuItem2Selected.svg in Resources */,
				F6DEEB50245A138800823B94 /* Group 22.svg in Resources */,
				F6DEEB80245A245900823B94 /* 014-cancel.svg in Resources */,
				F6DEEB48245A138800823B94 /* 071-jaguar-1.svg in Resources */,
				F6DEEB55245A138800823B94 /* 092-cancel-2.svg in Resources */,
				F6DEEB63245A18C200823B94 /* 007-law.svg in Resources */,
				F64BFA1E24583AC80052463C /* flowers_withNumbers.svg in Resources */,
				F65E5D3D2450349000654583 /* Main.storyboard in Resources */,
				F6DEEB7E245A23D900823B94 /* 083-paint-plus.svg in Resources */,
				F6DEEB52245A138800823B94 /* 005-settings.svg in Resources */,
				F6DEEB46245A138800823B94 /* 103-speaker-1.svg in Resources */,
				F6DEEB74245A202800823B94 /* Group 23.svg in Resources */,
				F6DEEB83245A27C600823B94 /* Group 27.svg in Resources */,
				F64BFA1824583A9E0052463C /* flowers_withoutNumbers.svg in Resources */,
				F6DEEB43245A138800823B94 /* 073-bird-2.svg in Resources */,
				F6DEEB6C245A1E3500823B94 /* 021-magic-wand.svg in Resources */,
			);
			runOnlyForDeploymentPostprocessing = 0;
		};
/* End PBXResourcesBuildPhase section */

/* Begin PBXShellScriptBuildPhase section */
		3E7B4821E8039946DD8C7F82 /* [CP] Check Pods Manifest.lock */ = {
			isa = PBXShellScriptBuildPhase;
			buildActionMask = 2147483647;
			files = (
			);
			inputFileListPaths = (
			);
			inputPaths = (
				"${PODS_PODFILE_DIR_PATH}/Podfile.lock",
				"${PODS_ROOT}/Manifest.lock",
			);
			name = "[CP] Check Pods Manifest.lock";
			outputFileListPaths = (
			);
			outputPaths = (
				"$(DERIVED_FILE_DIR)/Pods-testTask-checkManifestLockResult.txt",
			);
			runOnlyForDeploymentPostprocessing = 0;
			shellPath = /bin/sh;
			shellScript = "diff \"${PODS_PODFILE_DIR_PATH}/Podfile.lock\" \"${PODS_ROOT}/Manifest.lock\" > /dev/null\nif [ $? != 0 ] ; then\n    # print error to STDERR\n    echo \"error: The sandbox is not in sync with the Podfile.lock. Run 'pod install' or update your CocoaPods installation.\" >&2\n    exit 1\nfi\n# This output is used by Xcode 'outputs' to avoid re-running this script phase.\necho \"SUCCESS\" > \"${SCRIPT_OUTPUT_FILE_0}\"\n";
			showEnvVarsInLog = 0;
		};
		811713231CECBFC352868A01 /* [CP] Embed Pods Frameworks */ = {
			isa = PBXShellScriptBuildPhase;
			buildActionMask = 2147483647;
			files = (
			);
			inputFileListPaths = (
				"${PODS_ROOT}/Target Support Files/Pods-testTask/Pods-testTask-frameworks-${CONFIGURATION}-input-files.xcfilelist",
			);
			name = "[CP] Embed Pods Frameworks";
			outputFileListPaths = (
				"${PODS_ROOT}/Target Support Files/Pods-testTask/Pods-testTask-frameworks-${CONFIGURATION}-output-files.xcfilelist",
			);
			runOnlyForDeploymentPostprocessing = 0;
			shellPath = /bin/sh;
			shellScript = "\"${PODS_ROOT}/Target Support Files/Pods-testTask/Pods-testTask-frameworks.sh\"\n";
			showEnvVarsInLog = 0;
		};
/* End PBXShellScriptBuildPhase section */

/* Begin PBXSourcesBuildPhase section */
		F65E5D2E2450349000654583 /* Sources */ = {
			isa = PBXSourcesBuildPhase;
			buildActionMask = 2147483647;
			files = (
				F6D41B562450E89E00C33BAE /* MenuBar.swift in Sources */,
				F6E8AFA7245451590068D3B1 /* Data.swift in Sources */,
				F61EBF992456147A00604EE3 /* ShopViewController.swift in Sources */,
				F65E5D3A2450349000654583 /* ViewController.swift in Sources */,
				F65E5D362450349000654583 /* AppDelegate.swift in Sources */,
				F61EBF9D2456D1C800604EE3 /* ShopModel.swift in Sources */,
				F62FED3924557EEA00D4FE74 /* InfoViewController.swift in Sources */,
				F6D41B592450F2E300C33BAE /* MenuBarCollectionViewCell.swift in Sources */,
				F6CA95FF245217D80070C095 /* DrawViewController.swift in Sources */,
				F6BCC64524519828005D496B /* Extension+SegmentedControl.swift in Sources */,
				F6E8AFA2245450900068D3B1 /* DrawAreaModel.swift in Sources */,
				F6CA95FD2451A5170070C095 /* SettingsItem.swift in Sources */,
				F6F841492459F90E00E884BB /* SVGIconsManager.swift in Sources */,
				F6CA95FB2451A2F20070C095 /* SettingsCollectionViewCell.swift in Sources */,
				F6F61F42245484240004190D /* ColorCollectionViewPickerCell.swift in Sources */,
				F64BFA2A245854170052463C /* ViewWithShadow.swift in Sources */,
				F65E5D382450349000654583 /* SceneDelegate.swift in Sources */,
				F61EBF932455A06F00604EE3 /* InfoScreenModel.swift in Sources */,
				F6BCC64124518D75005D496B /* MenuBarViewController.swift in Sources */,
				F6E8AFAB245454D90068D3B1 /* CatalogCollectionViewCell.swift in Sources */,
				F64BFA28245853EF0052463C /* CollectionViewWithShadow.swift in Sources */,
				F64BFA26245853A50052463C /* ShadowButton.swift in Sources */,
				F61EBF9F2457438700604EE3 /* ConvertNumberManager.swift in Sources */,
				F62FED3E2455877E00D4FE74 /* InfoCollectonViewCell.swift in Sources */,
				F61EBF962455F0B800604EE3 /* UserDefaultsManager.swift in Sources */,
				F6D9AD9D2450399D00FF92C3 /* Queue.swift in Sources */,
				F61EBF9B245616FB00604EE3 /* ShopCollectionViewCell.swift in Sources */,
				F64BFA2D245854690052463C /* GoToShopButton.swift in Sources */,
				F6D9AD9F2450929800FF92C3 /* CatalogTableViewCell.swift in Sources */,
				F64BFA23245853270052463C /* Extension+UICollectionView.swift in Sources */,
				F6D41B5B2450FA6600C33BAE /* SettingsViewController.swift in Sources */,
			);
			runOnlyForDeploymentPostprocessing = 0;
		};
/* End PBXSourcesBuildPhase section */

/* Begin PBXVariantGroup section */
		F65E5D3B2450349000654583 /* Main.storyboard */ = {
			isa = PBXVariantGroup;
			children = (
				F65E5D3C2450349000654583 /* Base */,
			);
			name = Main.storyboard;
			sourceTree = "<group>";
		};
		F65E5D402450349200654583 /* LaunchScreen.storyboard */ = {
			isa = PBXVariantGroup;
			children = (
				F65E5D412450349200654583 /* Base */,
			);
			name = LaunchScreen.storyboard;
			sourceTree = "<group>";
		};
/* End PBXVariantGroup section */

/* Begin XCBuildConfiguration section */
		F65E5D442450349200654583 /* Debug */ = {
			isa = XCBuildConfiguration;
			buildSettings = {
				ALWAYS_SEARCH_USER_PATHS = NO;
				CLANG_ANALYZER_NONNULL = YES;
				CLANG_ANALYZER_NUMBER_OBJECT_CONVERSION = YES_AGGRESSIVE;
				CLANG_CXX_LANGUAGE_STANDARD = "gnu++14";
				CLANG_CXX_LIBRARY = "libc++";
				CLANG_ENABLE_MODULES = YES;
				CLANG_ENABLE_OBJC_ARC = YES;
				CLANG_ENABLE_OBJC_WEAK = YES;
				CLANG_WARN_BLOCK_CAPTURE_AUTORELEASING = YES;
				CLANG_WARN_BOOL_CONVERSION = YES;
				CLANG_WARN_COMMA = YES;
				CLANG_WARN_CONSTANT_CONVERSION = YES;
				CLANG_WARN_DEPRECATED_OBJC_IMPLEMENTATIONS = YES;
				CLANG_WARN_DIRECT_OBJC_ISA_USAGE = YES_ERROR;
				CLANG_WARN_DOCUMENTATION_COMMENTS = YES;
				CLANG_WARN_EMPTY_BODY = YES;
				CLANG_WARN_ENUM_CONVERSION = YES;
				CLANG_WARN_INFINITE_RECURSION = YES;
				CLANG_WARN_INT_CONVERSION = YES;
				CLANG_WARN_NON_LITERAL_NULL_CONVERSION = YES;
				CLANG_WARN_OBJC_IMPLICIT_RETAIN_SELF = YES;
				CLANG_WARN_OBJC_LITERAL_CONVERSION = YES;
				CLANG_WARN_OBJC_ROOT_CLASS = YES_ERROR;
				CLANG_WARN_RANGE_LOOP_ANALYSIS = YES;
				CLANG_WARN_STRICT_PROTOTYPES = YES;
				CLANG_WARN_SUSPICIOUS_MOVE = YES;
				CLANG_WARN_UNGUARDED_AVAILABILITY = YES_AGGRESSIVE;
				CLANG_WARN_UNREACHABLE_CODE = YES;
				CLANG_WARN__DUPLICATE_METHOD_MATCH = YES;
				COPY_PHASE_STRIP = NO;
				DEBUG_INFORMATION_FORMAT = dwarf;
				ENABLE_STRICT_OBJC_MSGSEND = YES;
				ENABLE_TESTABILITY = YES;
				GCC_C_LANGUAGE_STANDARD = gnu11;
				GCC_DYNAMIC_NO_PIC = NO;
				GCC_NO_COMMON_BLOCKS = YES;
				GCC_OPTIMIZATION_LEVEL = 0;
				GCC_PREPROCESSOR_DEFINITIONS = (
					"DEBUG=1",
					"$(inherited)",
				);
				GCC_WARN_64_TO_32_BIT_CONVERSION = YES;
				GCC_WARN_ABOUT_RETURN_TYPE = YES_ERROR;
				GCC_WARN_UNDECLARED_SELECTOR = YES;
				GCC_WARN_UNINITIALIZED_AUTOS = YES_AGGRESSIVE;
				GCC_WARN_UNUSED_FUNCTION = YES;
				GCC_WARN_UNUSED_VARIABLE = YES;
				IPHONEOS_DEPLOYMENT_TARGET = 13.4;
				MTL_ENABLE_DEBUG_INFO = INCLUDE_SOURCE;
				MTL_FAST_MATH = YES;
				ONLY_ACTIVE_ARCH = YES;
				SDKROOT = iphoneos;
				SWIFT_ACTIVE_COMPILATION_CONDITIONS = DEBUG;
				SWIFT_OPTIMIZATION_LEVEL = "-Onone";
			};
			name = Debug;
		};
		F65E5D452450349200654583 /* Release */ = {
			isa = XCBuildConfiguration;
			buildSettings = {
				ALWAYS_SEARCH_USER_PATHS = NO;
				CLANG_ANALYZER_NONNULL = YES;
				CLANG_ANALYZER_NUMBER_OBJECT_CONVERSION = YES_AGGRESSIVE;
				CLANG_CXX_LANGUAGE_STANDARD = "gnu++14";
				CLANG_CXX_LIBRARY = "libc++";
				CLANG_ENABLE_MODULES = YES;
				CLANG_ENABLE_OBJC_ARC = YES;
				CLANG_ENABLE_OBJC_WEAK = YES;
				CLANG_WARN_BLOCK_CAPTURE_AUTORELEASING = YES;
				CLANG_WARN_BOOL_CONVERSION = YES;
				CLANG_WARN_COMMA = YES;
				CLANG_WARN_CONSTANT_CONVERSION = YES;
				CLANG_WARN_DEPRECATED_OBJC_IMPLEMENTATIONS = YES;
				CLANG_WARN_DIRECT_OBJC_ISA_USAGE = YES_ERROR;
				CLANG_WARN_DOCUMENTATION_COMMENTS = YES;
				CLANG_WARN_EMPTY_BODY = YES;
				CLANG_WARN_ENUM_CONVERSION = YES;
				CLANG_WARN_INFINITE_RECURSION = YES;
				CLANG_WARN_INT_CONVERSION = YES;
				CLANG_WARN_NON_LITERAL_NULL_CONVERSION = YES;
				CLANG_WARN_OBJC_IMPLICIT_RETAIN_SELF = YES;
				CLANG_WARN_OBJC_LITERAL_CONVERSION = YES;
				CLANG_WARN_OBJC_ROOT_CLASS = YES_ERROR;
				CLANG_WARN_RANGE_LOOP_ANALYSIS = YES;
				CLANG_WARN_STRICT_PROTOTYPES = YES;
				CLANG_WARN_SUSPICIOUS_MOVE = YES;
				CLANG_WARN_UNGUARDED_AVAILABILITY = YES_AGGRESSIVE;
				CLANG_WARN_UNREACHABLE_CODE = YES;
				CLANG_WARN__DUPLICATE_METHOD_MATCH = YES;
				COPY_PHASE_STRIP = NO;
				DEBUG_INFORMATION_FORMAT = "dwarf-with-dsym";
				ENABLE_NS_ASSERTIONS = NO;
				ENABLE_STRICT_OBJC_MSGSEND = YES;
				GCC_C_LANGUAGE_STANDARD = gnu11;
				GCC_NO_COMMON_BLOCKS = YES;
				GCC_WARN_64_TO_32_BIT_CONVERSION = YES;
				GCC_WARN_ABOUT_RETURN_TYPE = YES_ERROR;
				GCC_WARN_UNDECLARED_SELECTOR = YES;
				GCC_WARN_UNINITIALIZED_AUTOS = YES_AGGRESSIVE;
				GCC_WARN_UNUSED_FUNCTION = YES;
				GCC_WARN_UNUSED_VARIABLE = YES;
				IPHONEOS_DEPLOYMENT_TARGET = 13.4;
				MTL_ENABLE_DEBUG_INFO = NO;
				MTL_FAST_MATH = YES;
				SDKROOT = iphoneos;
				SWIFT_COMPILATION_MODE = wholemodule;
				SWIFT_OPTIMIZATION_LEVEL = "-O";
				VALIDATE_PRODUCT = YES;
			};
			name = Release;
		};
		F65E5D472450349200654583 /* Debug */ = {
			isa = XCBuildConfiguration;
			baseConfigurationReference = DB428D83A880E27891F1E531 /* Pods-testTask.debug.xcconfig */;
			buildSettings = {
				ASSETCATALOG_COMPILER_APPICON_NAME = AppIcon;
				CODE_SIGN_STYLE = Automatic;
				CURRENT_PROJECT_VERSION = 1;
				DEVELOPMENT_TEAM = RYT7ZAW62J;
				INFOPLIST_FILE = testTask/Info.plist;
				IPHONEOS_DEPLOYMENT_TARGET = 13.3;
				LD_RUNPATH_SEARCH_PATHS = (
					"$(inherited)",
					"@executable_path/Frameworks",
				);
				PRODUCT_BUNDLE_IDENTIFIER = roman.testTask;
				PRODUCT_NAME = "$(TARGET_NAME)";
				SWIFT_VERSION = 5.0;
				TARGETED_DEVICE_FAMILY = 1;
			};
			name = Debug;
		};
		F65E5D482450349200654583 /* Release */ = {
			isa = XCBuildConfiguration;
			baseConfigurationReference = DC8C4779FF48410289D2FF43 /* Pods-testTask.release.xcconfig */;
			buildSettings = {
				ASSETCATALOG_COMPILER_APPICON_NAME = AppIcon;
				CODE_SIGN_STYLE = Automatic;
				CURRENT_PROJECT_VERSION = 1;
				DEVELOPMENT_TEAM = RYT7ZAW62J;
				INFOPLIST_FILE = testTask/Info.plist;
				IPHONEOS_DEPLOYMENT_TARGET = 13.3;
				LD_RUNPATH_SEARCH_PATHS = (
					"$(inherited)",
					"@executable_path/Frameworks",
				);
				PRODUCT_BUNDLE_IDENTIFIER = roman.testTask;
				PRODUCT_NAME = "$(TARGET_NAME)";
				SWIFT_VERSION = 5.0;
				TARGETED_DEVICE_FAMILY = 1;
			};
			name = Release;
		};
/* End XCBuildConfiguration section */

/* Begin XCConfigurationList section */
		F65E5D2D2450349000654583 /* Build configuration list for PBXProject "testTask" */ = {
			isa = XCConfigurationList;
			buildConfigurations = (
				F65E5D442450349200654583 /* Debug */,
				F65E5D452450349200654583 /* Release */,
			);
			defaultConfigurationIsVisible = 0;
			defaultConfigurationName = Release;
		};
		F65E5D462450349200654583 /* Build configuration list for PBXNativeTarget "testTask" */ = {
			isa = XCConfigurationList;
			buildConfigurations = (
				F65E5D472450349200654583 /* Debug */,
				F65E5D482450349200654583 /* Release */,
			);
			defaultConfigurationIsVisible = 0;
			defaultConfigurationName = Release;
		};
/* End XCConfigurationList section */
	};
	rootObject = F65E5D2A2450349000654583 /* Project object */;
}
